
Microsoft Visual Studio Solution File, Format Version 12.00
# Visual Studio Version 16
VisualStudioVersion = 16.0.30717.126
MinimumVisualStudioVersion = 10.0.40219.1
Project("{E24C65DC-7377-472B-9ABA-BC803B73C61A}") = "SportsScore", "SportsScore\", "{BF803F31-2FC6-44B5-8FFA-1BAD2532DB99}"
	ProjectSection(WebsiteProperties) = preProject
		TargetFrameworkMoniker = ".NETFramework,Version%3Dv4.7.2"
		Debug.AspNetCompiler.VirtualPath = "/localhost_65089"
		Debug.AspNetCompiler.PhysicalPath = "SportsScore\"
		Debug.AspNetCompiler.TargetPath = "PrecompiledWeb\localhost_65089\"
		Debug.AspNetCompiler.Updateable = "true"
		Debug.AspNetCompiler.ForceOverwrite = "true"
		Debug.AspNetCompiler.FixedNames = "false"
		Debug.AspNetCompiler.Debug = "True"
		Release.AspNetCompiler.VirtualPath = "/localhost_65089"
		Release.AspNetCompiler.PhysicalPath = "SportsScore\"
		Release.AspNetCompiler.TargetPath = "PrecompiledWeb\localhost_65089\"
		Release.AspNetCompiler.Updateable = "true"
		Release.AspNetCompiler.ForceOverwrite = "true"
		Release.AspNetCompiler.FixedNames = "false"
		Release.AspNetCompiler.Debug = "False"
		VWDPort = "65089"
		SlnRelativePath = "SportsScore\"
		DefaultWebSiteLanguage = "Visual C#"
	EndProjectSection
EndProject
Global
	GlobalSection(SolutionConfigurationPlatforms) = preSolution
		Debug|Any CPU = Debug|Any CPU
	EndGlobalSection
	GlobalSection(ProjectConfigurationPlatforms) = postSolution
		{BF803F31-2FC6-44B5-8FFA-1BAD2532DB99}.Debug|Any CPU.ActiveCfg = Debug|Any CPU
		{BF803F31-2FC6-44B5-8FFA-1BAD2532DB99}.Debug|Any CPU.Build.0 = Debug|Any CPU
	EndGlobalSection
	GlobalSection(SolutionProperties) = preSolution
		HideSolutionNode = FALSE
	EndGlobalSection
	GlobalSection(ExtensibilityGlobals) = postSolution
		SolutionGuid = {71FFBC95-72EA-4633-A99D-4713FDF95F5A}
	EndGlobalSection
EndGlobal
